
Microsoft Visual Studio Solution File, Format Version 12.00
# Visual Studio Version 16
VisualStudioVersion = 16.0.31702.278
MinimumVisualStudioVersion = 10.0.40219.1
Project("{8BC9CEB8-8B4A-11D0-8D11-00A0C91BC942}") = "Project1", "Project1\Project1.vcxproj", "{BBFD2040-44E0-4710-AFF1-751145F02FAF}"
EndProject
Project("{8BC9CEB8-8B4A-11D0-8D11-00A0C91BC942}") = "Project2", "Project2\Project2.vcxproj", "{CFE120BC-A4EF-415B-8A52-5912EDF4A1FF}"
EndProject
Project("{8BC9CEB8-8B4A-11D0-8D11-00A0C91BC942}") = "Project3", "Project3\Project3.vcxproj", "{ACD1C3CD-7E3C-43E0-AE3A-CA6A5F003163}"
EndProject
Project("{8BC9CEB8-8B4A-11D0-8D11-00A0C91BC942}") = "Project4", "Project4\Project4.vcxproj", "{1DFA49ED-F767-4744-AC3A-0CD23CD0400D}"
EndProject
Global
	GlobalSection(SolutionConfigurationPlatforms) = preSolution
		Debug|x64 = Debug|x64
		Debug|x86 = Debug|x86
		Release|x64 = Release|x64
		Release|x86 = Release|x86
	EndGlobalSection
	GlobalSection(ProjectConfigurationPlatforms) = postSolution
		{BBFD2040-44E0-4710-AFF1-751145F02FAF}.Debug|x64.ActiveCfg = Debug|x64
		{BBFD2040-44E0-4710-AFF1-751145F02FAF}.Debug|x64.Build.0 = Debug|x64
		{BBFD2040-44E0-4710-AFF1-751145F02FAF}.Debug|x86.ActiveCfg = Debug|Win32
		{BBFD2040-44E0-4710-AFF1-751145F02FAF}.Debug|x86.Build.0 = Debug|Win32
		{BBFD2040-44E0-4710-AFF1-751145F02FAF}.Release|x64.ActiveCfg = Release|x64
		{BBFD2040-44E0-4710-AFF1-751145F02FAF}.Release|x64.Build.0 = Release|x64
		{BBFD2040-44E0-4710-AFF1-751145F02FAF}.Release|x86.ActiveCfg = Release|Win32
		{BBFD2040-44E0-4710-AFF1-751145F02FAF}.Release|x86.Build.0 = Release|Win32
		{CFE120BC-A4EF-415B-8A52-5912EDF4A1FF}.Debug|x64.ActiveCfg = Debug|x64
		{CFE120BC-A4EF-415B-8A52-5912EDF4A1FF}.Debug|x64.Build.0 = Debug|x64
		{CFE120BC-A4EF-415B-8A52-5912EDF4A1FF}.Debug|x86.ActiveCfg = Debug|Win32
		{CFE120BC-A4EF-415B-8A52-5912EDF4A1FF}.Debug|x86.Build.0 = Debug|Win32
		{CFE120BC-A4EF-415B-8A52-5912EDF4A1FF}.Release|x64.ActiveCfg = Release|x64
		{CFE120BC-A4EF-415B-8A52-5912EDF4A1FF}.Release|x64.Build.0 = Release|x64
		{CFE120BC-A4EF-415B-8A52-5912EDF4A1FF}.Release|x86.ActiveCfg = Release|Win32
		{CFE120BC-A4EF-415B-8A52-5912EDF4A1FF}.Release|x86.Build.0 = Release|Win32
		{ACD1C3CD-7E3C-43E0-AE3A-CA6A5F003163}.Debug|x64.ActiveCfg = Debug|x64
		{ACD1C3CD-7E3C-43E0-AE3A-CA6A5F003163}.Debug|x64.Build.0 = Debug|x64
		{ACD1C3CD-7E3C-43E0-AE3A-CA6A5F003163}.Debug|x86.ActiveCfg = Debug|Win32
		{ACD1C3CD-7E3C-43E0-AE3A-CA6A5F003163}.Debug|x86.Build.0 = Debug|Win32
		{ACD1C3CD-7E3C-43E0-AE3A-CA6A5F003163}.Release|x64.ActiveCfg = Release|x64
		{ACD1C3CD-7E3C-43E0-AE3A-CA6A5F003163}.Release|x64.Build.0 = Release|x64
		{ACD1C3CD-7E3C-43E0-AE3A-CA6A5F003163}.Release|x86.ActiveCfg = Release|Win32
		{ACD1C3CD-7E3C-43E0-AE3A-CA6A5F003163}.Release|x86.Build.0 = Release|Win32
		{1DFA49ED-F767-4744-AC3A-0CD23CD0400D}.Debug|x64.ActiveCfg = Debug|x64
		{1DFA49ED-F767-4744-AC3A-0CD23CD0400D}.Debug|x64.Build.0 = Debug|x64
		{1DFA49ED-F767-4744-AC3A-0CD23CD0400D}.Debug|x86.ActiveCfg = Debug|Win32
		{1DFA49ED-F767-4744-AC3A-0CD23CD0400D}.Debug|x86.Build.0 = Debug|Win32
		{1DFA49ED-F767-4744-AC3A-0CD23CD0400D}.Release|x64.ActiveCfg = Release|x64
		{1DFA49ED-F767-4744-AC3A-0CD23CD0400D}.Release|x64.Build.0 = Release|x64
		{1DFA49ED-F767-4744-AC3A-0CD23CD0400D}.Release|x86.ActiveCfg = Release|Win32
		{1DFA49ED-F767-4744-AC3A-0CD23CD0400D}.Release|x86.Build.0 = Release|Win32
	EndGlobalSection
	GlobalSection(SolutionProperties) = preSolution
		HideSolutionNode = FALSE
	EndGlobalSection
	GlobalSection(ExtensibilityGlobals) = postSolution
		SolutionGuid = {18D0BFEF-B1AF-4D95-8757-2D70EF26EEAF}
	EndGlobalSection
EndGlobal
